# THIS IS AN AUTOGENERATED FILE. DO NOT EDIT THIS FILE DIRECTLY.
# yarn lockfile v1


axios@^0.25.0:
  version "0.25.0"
  resolved "https://registry.yarnpkg.com/axios/-/axios-0.25.0.tgz#349cfbb31331a9b4453190791760a8d35b093e0a"
  integrity sha512-cD8FOb0tRH3uuEe6+evtAbgJtfxr7ly3fQjYcMcuPlgkwVS9xboaVIpcDV+cYQe+yGykgwZCs1pzjntcGa6l5g==
  dependencies:
    follow-redirects "^1.14.7"

deeks@2.5.1:
  version "2.5.1"
  resolved "https://registry.yarnpkg.com/deeks/-/deeks-2.5.1.tgz#c4e18a00cac3f8ff95a306463db8f533c879f436"
  integrity sha512-fqrBeUz7f1UqaXDRzVB5RG2EfPk15HJRrb2pMZj8mLlSTtz4tRPsK5leFOskoHFPuyZ6+7aRM9j657fvXLkJ7Q==

doc-path@3.0.2:
  version "3.0.2"
  resolved "https://registry.yarnpkg.com/doc-path/-/doc-path-3.0.2.tgz#a7df9d58eadce28a2ddd4eda5aa392628fd75b6d"
  integrity sha512-VRlA2OKSjTbHWj6wmSanxJ338fE/YN8pqmZ0FIWK5JWkIJMFRc4KmD35JtOrnjvVG0WrzOtDDNHx1lN1tkb+lA==

dotenv@^15.0.0:
  version "15.0.0"
  resolved "https://registry.yarnpkg.com/dotenv/-/dotenv-15.0.0.tgz#2a585639429bf2c2c62f387f0fffde9c75aafde0"
  integrity sha512-/l1sXXm79ry34KwwS0y4oVZjB468iw/6u9g1W26dtexKcIJAnVL2pMF+hxQwzZ7LutxOwEgtym9eIxvX33CMKg==

follow-redirects@^1.14.7:
  version "1.14.7"
  resolved "https://registry.yarnpkg.com/follow-redirects/-/follow-redirects-1.14.7.tgz#2004c02eb9436eee9a21446a6477debf17e81685"
  integrity sha512-+hbxoLbFMbRKDwohX8GkTataGqO6Jb7jGwpAlwgy2bIz25XtRm7KEzJM76R1WiNT5SwZkX4Y75SwBolkpmE7iQ==

json-2-csv@^3.17.0:
  version "3.17.0"
  resolved "https://registry.yarnpkg.com/json-2-csv/-/json-2-csv-3.17.0.tgz#d886e4ec382bdb96dd31cbf87e0206173176d3c7"
  integrity sha512-mLnrYK3TX/mDSiBduA6vuSuVlvkYgDMv+Ef8HXCriyz73BBc6I7pWljdRfR+FKPzYKcnz/rUvzbqJQx/tbEoMQ==
  dependencies:
    deeks "2.5.1"
    doc-path "3.0.2"

prettier@^2.5.1:
  version "2.5.1"
  resolved "https://registry.yarnpkg.com/prettier/-/prettier-2.5.1.tgz#fff75fa9d519c54cf0fce328c1017d94546bc56a"
  integrity sha512-vBZcPRUR5MZJwoyi3ZoyQlc1rXeEck8KgeC9AwwOn+exuxLxq5toTRDTSaVrXHxelDMHy9zlicw8u66yxoSUFg==
